
Microsoft Visual Studio Solution File, Format Version 12.00
# Visual Studio Version 16
VisualStudioVersion = 16.0.30320.27
MinimumVisualStudioVersion = 10.0.40219.1
Project("{9A19103F-16F7-4668-BE54-9A1E7A4F7556}") = "MyHomeTechnicalTest", "MyHomeTechnicalTest\MyHomeTechnicalTest.csproj", "{EDE7F38C-E8BE-4A2E-8937-FC915BF88BE1}"
EndProject
Project("{FAE04EC0-301F-11D3-BF4B-00C04F79EFBC}") = "MyHomeTechnicalTestTests", "MyHomeTechnicalTestTests\MyHomeTechnicalTestTests.csproj", "{92BFE6D2-AEED-470E-83A7-0BF403082E38}"
EndProject
Global
	GlobalSection(SolutionConfigurationPlatforms) = preSolution
		Debug|Any CPU = Debug|Any CPU
		Release|Any CPU = Release|Any CPU
	EndGlobalSection
	GlobalSection(ProjectConfigurationPlatforms) = postSolution
		{EDE7F38C-E8BE-4A2E-8937-FC915BF88BE1}.Debug|Any CPU.ActiveCfg = Debug|Any CPU
		{EDE7F38C-E8BE-4A2E-8937-FC915BF88BE1}.Debug|Any CPU.Build.0 = Debug|Any CPU
		{EDE7F38C-E8BE-4A2E-8937-FC915BF88BE1}.Release|Any CPU.ActiveCfg = Release|Any CPU
		{EDE7F38C-E8BE-4A2E-8937-FC915BF88BE1}.Release|Any CPU.Build.0 = Release|Any CPU
		{92BFE6D2-AEED-470E-83A7-0BF403082E38}.Debug|Any CPU.ActiveCfg = Debug|Any CPU
		{92BFE6D2-AEED-470E-83A7-0BF403082E38}.Debug|Any CPU.Build.0 = Debug|Any CPU
		{92BFE6D2-AEED-470E-83A7-0BF403082E38}.Release|Any CPU.ActiveCfg = Release|Any CPU
		{92BFE6D2-AEED-470E-83A7-0BF403082E38}.Release|Any CPU.Build.0 = Release|Any CPU
	EndGlobalSection
	GlobalSection(SolutionProperties) = preSolution
		HideSolutionNode = FALSE
	EndGlobalSection
	GlobalSection(ExtensibilityGlobals) = postSolution
		SolutionGuid = {B5021DE3-D3E0-4074-B57F-4DD0345E1D69}
	EndGlobalSection
EndGlobal
